<?xml version="1.0" encoding="utf-8"?>
<Project ToolsVersion="4.0" xmlns="http://schemas.microsoft.com/developer/msbuild/2003">
  <ItemGroup>
    <Filter Include="リソース ファイル">
      <UniqueIdentifier>{67DA6AB6-F800-4c08-8B7A-83BB121AAD01}</UniqueIdentifier>
      <Extensions>rc;ico;cur;bmp;dlg;rc2;rct;bin;rgs;gif;jpg;jpeg;jpe;resx;tiff;tif;png;wav;mfcribbon-ms</Extensions>
    </Filter>
    <Filter Include="GuessSignature">
      <UniqueIdentifier>{161b12be-7a6d-4cb9-8e79-420110109521}</UniqueIdentifier>
    </Filter>
    <Filter Include="StdAfx">
      <UniqueIdentifier>{944d8bf0-43ba-45d7-a270-42a856ce5991}</UniqueIdentifier>
    </Filter>
    <Filter Include="GuessSignature\File">
      <UniqueIdentifier>{fcda9d94-4805-43bd-a349-00e8378a40be}</UniqueIdentifier>
    </Filter>
    <Filter Include="GuessSignature\Guess">
      <UniqueIdentifier>{d90a81cb-5f12-4f1a-ac20-908f3944d745}</UniqueIdentifier>
    </Filter>
    <Filter Include="LIBSVMWrapper">
      <UniqueIdentifier>{69ca0902-08f4-43ce-839b-66ba61badef9}</UniqueIdentifier>
    </Filter>
    <Filter Include="SaveLoadCV">
      <UniqueIdentifier>{146d6eee-759a-4ffc-9bc8-5926addfd2d2}</UniqueIdentifier>
    </Filter>
  </ItemGroup>
  <ItemGroup>
    <ClCompile Include="GuessSignature.cpp">
      <Filter>GuessSignature</Filter>
    </ClCompile>
    <ClCompile Include="..\StdAfx\StdAfx.cpp">
      <Filter>StdAfx</Filter>
    </ClCompile>
    <ClCompile Include="GuessKMeans.cpp">
      <Filter>GuessSignature\Guess</Filter>
    </ClCompile>
    <ClCompile Include="GuessSvmOneVsAll.cpp">
      <Filter>GuessSignature\Guess</Filter>
    </ClCompile>
    <ClCompile Include="LibSVM.cpp">
      <Filter>LIBSVMWrapper</Filter>
    </ClCompile>
    <ClCompile Include="GuessSvm.cpp">
      <Filter>GuessSignature\Guess</Filter>
    </ClCompile>
    <ClCompile Include="GuessSvmOneVsOne.cpp">
      <Filter>GuessSignature\Guess</Filter>
    </ClCompile>
  </ItemGroup>
  <ItemGroup>
    <ClInclude Include="GuessSignature.h">
      <Filter>GuessSignature</Filter>
    </ClInclude>
    <ClInclude Include="..\StdAfx\StdAfx.h">
      <Filter>StdAfx</Filter>
    </ClInclude>
    <ClInclude Include="GuessKMeans.h">
      <Filter>GuessSignature\Guess</Filter>
    </ClInclude>
    <ClInclude Include="GuessSvmOneVsAll.h">
      <Filter>GuessSignature\Guess</Filter>
    </ClInclude>
    <ClInclude Include="LibSVM.h">
      <Filter>LIBSVMWrapper</Filter>
    </ClInclude>
    <ClInclude Include="SaveLoadCV.h">
      <Filter>SaveLoadCV</Filter>
    </ClInclude>
    <ClInclude Include="GuessSvm.h">
      <Filter>GuessSignature\Guess</Filter>
    </ClInclude>
    <ClInclude Include="GuessSvmOneVsOne.h">
      <Filter>GuessSignature\Guess</Filter>
    </ClInclude>
  </ItemGroup>
</Project>