<?xml version="1.0" encoding="utf-8"?>
<Project ToolsVersion="4.0" xmlns="http://schemas.microsoft.com/developer/msbuild/2003">
  <ItemGroup>
    <Filter Include="ソース ファイル">
      <UniqueIdentifier>{4FC737F1-C7A5-4376-A066-2A32D752A2FF}</UniqueIdentifier>
      <Extensions>cpp;c;cc;cxx;def;odl;idl;hpj;bat;asm;asmx</Extensions>
    </Filter>
    <Filter Include="ヘッダー ファイル">
      <UniqueIdentifier>{93995380-89BD-4b04-88EB-625FBE52EBFB}</UniqueIdentifier>
      <Extensions>h;hpp;hxx;hm;inl;inc;xsd</Extensions>
    </Filter>
    <Filter Include="リソース ファイル">
      <UniqueIdentifier>{67DA6AB6-F800-4c08-8B7A-83BB121AAD01}</UniqueIdentifier>
      <Extensions>rc;ico;cur;bmp;dlg;rc2;rct;bin;rgs;gif;jpg;jpeg;jpe;resx;tiff;tif;png;wav;mfcribbon-ms</Extensions>
    </Filter>
    <Filter Include="Image">
      <UniqueIdentifier>{411006ff-ed9b-493c-b51c-43b5ae0700bc}</UniqueIdentifier>
    </Filter>
    <Filter Include="StdAfx">
      <UniqueIdentifier>{5a2a1718-5e85-471b-b4f2-e19a4cbd42f6}</UniqueIdentifier>
    </Filter>
    <Filter Include="Image\GuessSignature">
      <UniqueIdentifier>{67556053-171e-4647-ab54-80559526d863}</UniqueIdentifier>
    </Filter>
    <Filter Include="Image\Scanner">
      <UniqueIdentifier>{96354288-2603-4dbc-8089-f09891219b78}</UniqueIdentifier>
    </Filter>
    <Filter Include="Tools">
      <UniqueIdentifier>{34353909-e5f6-4b36-8bb4-7f02a204a4aa}</UniqueIdentifier>
    </Filter>
  </ItemGroup>
  <ItemGroup>
    <None Include="app.ico">
      <Filter>リソース ファイル</Filter>
    </None>
  </ItemGroup>
  <ItemGroup>
    <ClCompile Include="SignatureNameEditor.cpp">
      <Filter>ソース ファイル</Filter>
    </ClCompile>
    <ClCompile Include="AssemblyInfo.cpp">
      <Filter>ソース ファイル</Filter>
    </ClCompile>
    <ClCompile Include="SignatureImage.cpp">
      <Filter>Image</Filter>
    </ClCompile>
    <ClCompile Include="stdafx.cpp">
      <Filter>StdAfx</Filter>
    </ClCompile>
    <ClCompile Include="cv_utils_cli.cpp">
      <Filter>Tools</Filter>
    </ClCompile>
  </ItemGroup>
  <ItemGroup>
    <ClInclude Include="resource.h">
      <Filter>ヘッダー ファイル</Filter>
    </ClInclude>
    <ClInclude Include="SignPreview.h">
      <Filter>ヘッダー ファイル</Filter>
    </ClInclude>
    <ClInclude Include="..\LibGuessSignature\GuessSignature.h">
      <Filter>Image\GuessSignature</Filter>
    </ClInclude>
    <ClInclude Include="Scan.h">
      <Filter>ヘッダー ファイル</Filter>
    </ClInclude>
    <ClInclude Include="SignatureImage.h">
      <Filter>Image</Filter>
    </ClInclude>
    <ClInclude Include="..\LibCameraScanner\CameraScanner.h">
      <Filter>Image\Scanner</Filter>
    </ClInclude>
    <ClInclude Include="stdafx.h">
      <Filter>StdAfx</Filter>
    </ClInclude>
    <ClInclude Include="cv_utils_cli.h">
      <Filter>Tools</Filter>
    </ClInclude>
    <ClInclude Include="..\LibGuessSignature\GuessEvalEasy.h">
      <Filter>Image\GuessSignature</Filter>
    </ClInclude>
  </ItemGroup>
  <ItemGroup>
    <ResourceCompile Include="app.rc">
      <Filter>リソース ファイル</Filter>
    </ResourceCompile>
  </ItemGroup>
  <ItemGroup>
    <EmbeddedResource Include="SignPreview.resX">
      <Filter>リソース ファイル</Filter>
    </EmbeddedResource>
    <EmbeddedResource Include="Scan.resx">
      <Filter>リソース ファイル</Filter>
    </EmbeddedResource>
  </ItemGroup>
</Project>